
Microsoft Visual Studio Solution File, Format Version 12.00
# Visual Studio Version 17
VisualStudioVersion = 17.10.35013.160
MinimumVisualStudioVersion = 10.0.40219.1
Project("{9A19103F-16F7-4668-BE54-9A1E7A4F7556}") = "ADS", "ADS\ADS.csproj", "{AC9DE89E-CE19-404E-A6C8-0E08358C6D91}"
EndProject
Project("{C7167F0D-BC9F-4E6E-AFE1-012C56B48DB5}") = "InstaladorFerramenta", "InstaladorFerramenta\InstaladorFerramenta.wapproj", "{42772F5C-AFF5-4D9C-A967-9295578240D2}"
EndProject
Global
	GlobalSection(SolutionConfigurationPlatforms) = preSolution
		Debug|Any CPU = Debug|Any CPU
		Debug|ARM = Debug|ARM
		Debug|ARM64 = Debug|ARM64
		Debug|x64 = Debug|x64
		Debug|x86 = Debug|x86
		Release|Any CPU = Release|Any CPU
		Release|ARM = Release|ARM
		Release|ARM64 = Release|ARM64
		Release|x64 = Release|x64
		Release|x86 = Release|x86
	EndGlobalSection
	GlobalSection(ProjectConfigurationPlatforms) = postSolution
		{AC9DE89E-CE19-404E-A6C8-0E08358C6D91}.Debug|Any CPU.ActiveCfg = Debug|Any CPU
		{AC9DE89E-CE19-404E-A6C8-0E08358C6D91}.Debug|Any CPU.Build.0 = Debug|Any CPU
		{AC9DE89E-CE19-404E-A6C8-0E08358C6D91}.Debug|ARM.ActiveCfg = Debug|Any CPU
		{AC9DE89E-CE19-404E-A6C8-0E08358C6D91}.Debug|ARM.Build.0 = Debug|Any CPU
		{AC9DE89E-CE19-404E-A6C8-0E08358C6D91}.Debug|ARM64.ActiveCfg = Debug|Any CPU
		{AC9DE89E-CE19-404E-A6C8-0E08358C6D91}.Debug|ARM64.Build.0 = Debug|Any CPU
		{AC9DE89E-CE19-404E-A6C8-0E08358C6D91}.Debug|x64.ActiveCfg = Debug|Any CPU
		{AC9DE89E-CE19-404E-A6C8-0E08358C6D91}.Debug|x64.Build.0 = Debug|Any CPU
		{AC9DE89E-CE19-404E-A6C8-0E08358C6D91}.Debug|x86.ActiveCfg = Debug|Any CPU
		{AC9DE89E-CE19-404E-A6C8-0E08358C6D91}.Debug|x86.Build.0 = Debug|Any CPU
		{AC9DE89E-CE19-404E-A6C8-0E08358C6D91}.Release|Any CPU.ActiveCfg = Release|Any CPU
		{AC9DE89E-CE19-404E-A6C8-0E08358C6D91}.Release|Any CPU.Build.0 = Release|Any CPU
		{AC9DE89E-CE19-404E-A6C8-0E08358C6D91}.Release|ARM.ActiveCfg = Release|Any CPU
		{AC9DE89E-CE19-404E-A6C8-0E08358C6D91}.Release|ARM.Build.0 = Release|Any CPU
		{AC9DE89E-CE19-404E-A6C8-0E08358C6D91}.Release|ARM64.ActiveCfg = Release|Any CPU
		{AC9DE89E-CE19-404E-A6C8-0E08358C6D91}.Release|ARM64.Build.0 = Release|Any CPU
		{AC9DE89E-CE19-404E-A6C8-0E08358C6D91}.Release|x64.ActiveCfg = Release|Any CPU
		{AC9DE89E-CE19-404E-A6C8-0E08358C6D91}.Release|x64.Build.0 = Release|Any CPU
		{AC9DE89E-CE19-404E-A6C8-0E08358C6D91}.Release|x86.ActiveCfg = Release|Any CPU
		{AC9DE89E-CE19-404E-A6C8-0E08358C6D91}.Release|x86.Build.0 = Release|Any CPU
		{42772F5C-AFF5-4D9C-A967-9295578240D2}.Debug|Any CPU.ActiveCfg = Debug|Any CPU
		{42772F5C-AFF5-4D9C-A967-9295578240D2}.Debug|Any CPU.Build.0 = Debug|Any CPU
		{42772F5C-AFF5-4D9C-A967-9295578240D2}.Debug|Any CPU.Deploy.0 = Debug|Any CPU
		{42772F5C-AFF5-4D9C-A967-9295578240D2}.Debug|ARM.ActiveCfg = Debug|ARM
		{42772F5C-AFF5-4D9C-A967-9295578240D2}.Debug|ARM.Build.0 = Debug|ARM
		{42772F5C-AFF5-4D9C-A967-9295578240D2}.Debug|ARM.Deploy.0 = Debug|ARM
		{42772F5C-AFF5-4D9C-A967-9295578240D2}.Debug|ARM64.ActiveCfg = Debug|ARM64
		{42772F5C-AFF5-4D9C-A967-9295578240D2}.Debug|ARM64.Build.0 = Debug|ARM64
		{42772F5C-AFF5-4D9C-A967-9295578240D2}.Debug|ARM64.Deploy.0 = Debug|ARM64
		{42772F5C-AFF5-4D9C-A967-9295578240D2}.Debug|x64.ActiveCfg = Debug|x64
		{42772F5C-AFF5-4D9C-A967-9295578240D2}.Debug|x64.Build.0 = Debug|x64
		{42772F5C-AFF5-4D9C-A967-9295578240D2}.Debug|x64.Deploy.0 = Debug|x64
		{42772F5C-AFF5-4D9C-A967-9295578240D2}.Debug|x86.ActiveCfg = Debug|x86
		{42772F5C-AFF5-4D9C-A967-9295578240D2}.Debug|x86.Build.0 = Debug|x86
		{42772F5C-AFF5-4D9C-A967-9295578240D2}.Debug|x86.Deploy.0 = Debug|x86
		{42772F5C-AFF5-4D9C-A967-9295578240D2}.Release|Any CPU.ActiveCfg = Release|Any CPU
		{42772F5C-AFF5-4D9C-A967-9295578240D2}.Release|Any CPU.Build.0 = Release|Any CPU
		{42772F5C-AFF5-4D9C-A967-9295578240D2}.Release|Any CPU.Deploy.0 = Release|Any CPU
		{42772F5C-AFF5-4D9C-A967-9295578240D2}.Release|ARM.ActiveCfg = Release|ARM
		{42772F5C-AFF5-4D9C-A967-9295578240D2}.Release|ARM.Build.0 = Release|ARM
		{42772F5C-AFF5-4D9C-A967-9295578240D2}.Release|ARM.Deploy.0 = Release|ARM
		{42772F5C-AFF5-4D9C-A967-9295578240D2}.Release|ARM64.ActiveCfg = Release|ARM64
		{42772F5C-AFF5-4D9C-A967-9295578240D2}.Release|ARM64.Build.0 = Release|ARM64
		{42772F5C-AFF5-4D9C-A967-9295578240D2}.Release|ARM64.Deploy.0 = Release|ARM64
		{42772F5C-AFF5-4D9C-A967-9295578240D2}.Release|x64.ActiveCfg = Release|x64
		{42772F5C-AFF5-4D9C-A967-9295578240D2}.Release|x64.Build.0 = Release|x64
		{42772F5C-AFF5-4D9C-A967-9295578240D2}.Release|x64.Deploy.0 = Release|x64
		{42772F5C-AFF5-4D9C-A967-9295578240D2}.Release|x86.ActiveCfg = Release|x86
		{42772F5C-AFF5-4D9C-A967-9295578240D2}.Release|x86.Build.0 = Release|x86
		{42772F5C-AFF5-4D9C-A967-9295578240D2}.Release|x86.Deploy.0 = Release|x86
	EndGlobalSection
	GlobalSection(SolutionProperties) = preSolution
		HideSolutionNode = FALSE
	EndGlobalSection
	GlobalSection(ExtensibilityGlobals) = postSolution
		SolutionGuid = {61CA20C0-62DC-4663-B0C9-819B1B39A716}
	EndGlobalSection
EndGlobal
