
Microsoft Visual Studio Solution File, Format Version 12.00
# Visual Studio Version 17
VisualStudioVersion = 17.10.35013.160
MinimumVisualStudioVersion = 10.0.40219.1
Project("{FAE04EC0-301F-11D3-BF4B-00C04F79EFBC}") = "ADS", "ADS\ADS.csproj", "{AC9DE89E-CE19-404E-A6C8-0E08358C6D91}"
EndProject
Global
	GlobalSection(SolutionConfigurationPlatforms) = preSolution
		Debug|Any CPU = Debug|Any CPU
		Release|Any CPU = Release|Any CPU
	EndGlobalSection
	GlobalSection(ProjectConfigurationPlatforms) = postSolution
		{AC9DE89E-CE19-404E-A6C8-0E08358C6D91}.Debug|Any CPU.ActiveCfg = Debug|Any CPU
		{AC9DE89E-CE19-404E-A6C8-0E08358C6D91}.Debug|Any CPU.Build.0 = Debug|Any CPU
		{AC9DE89E-CE19-404E-A6C8-0E08358C6D91}.Release|Any CPU.ActiveCfg = Release|Any CPU
		{AC9DE89E-CE19-404E-A6C8-0E08358C6D91}.Release|Any CPU.Build.0 = Release|Any CPU
	EndGlobalSection
	GlobalSection(SolutionProperties) = preSolution
		HideSolutionNode = FALSE
	EndGlobalSection
	GlobalSection(ExtensibilityGlobals) = postSolution
		SolutionGuid = {61CA20C0-62DC-4663-B0C9-819B1B39A716}
	EndGlobalSection
EndGlobal
